
Microsoft Visual Studio Solution File, Format Version 12.00
# Visual Studio Version 17
VisualStudioVersion = 17.11.35327.3
MinimumVisualStudioVersion = 10.0.40219.1
Project("{FAE04EC0-301F-11D3-BF4B-00C04F79EFBC}") = "Smart-Appointment-System", "Smart-Appointment-System\Smart-Appointment-System.csproj", "{0A9880A5-44C3-41FF-9B97-41CE7CFF9990}"
EndProject
Global
	GlobalSection(SolutionConfigurationPlatforms) = preSolution
		Debug|Any CPU = Debug|Any CPU
		Release|Any CPU = Release|Any CPU
	EndGlobalSection
	GlobalSection(ProjectConfigurationPlatforms) = postSolution
		{0A9880A5-44C3-41FF-9B97-41CE7CFF9990}.Debug|Any CPU.ActiveCfg = Debug|Any CPU
		{0A9880A5-44C3-41FF-9B97-41CE7CFF9990}.Debug|Any CPU.Build.0 = Debug|Any CPU
		{0A9880A5-44C3-41FF-9B97-41CE7CFF9990}.Release|Any CPU.ActiveCfg = Release|Any CPU
		{0A9880A5-44C3-41FF-9B97-41CE7CFF9990}.Release|Any CPU.Build.0 = Release|Any CPU
	EndGlobalSection
	GlobalSection(SolutionProperties) = preSolution
		HideSolutionNode = FALSE
	EndGlobalSection
	GlobalSection(ExtensibilityGlobals) = postSolution
		SolutionGuid = {7D96AA92-FD30-4AE2-9190-A5FA8D7261A6}
	EndGlobalSection
EndGlobal
